
Microsoft Visual Studio Solution File, Format Version 12.00
# Visual Studio Version 17
VisualStudioVersion = 17.9.34728.123
MinimumVisualStudioVersion = 10.0.40219.1
Project("{9A19103F-16F7-4668-BE54-9A1E7A4F7556}") = "lyzico3DPaymentProject", "lyzico3DPaymentProject.csproj", "{93C1A231-A671-4F83-9FEA-469FDD5BA3F7}"
	ProjectSection(ProjectDependencies) = postProject
		{3FD93852-88B2-4186-889A-99C96E08D9DF} = {3FD93852-88B2-4186-889A-99C96E08D9DF}
	EndProjectSection
EndProject
Project("{FAE04EC0-301F-11D3-BF4B-00C04F79EFBC}") = "lyzico3DPaymentAPI", "..\lyzico3DPaymentAPI\lyzico3DPaymentAPI.csproj", "{ACB63446-02E9-4EBF-9291-4D44A4C64E97}"
	ProjectSection(ProjectDependencies) = postProject
		{3FD93852-88B2-4186-889A-99C96E08D9DF} = {3FD93852-88B2-4186-889A-99C96E08D9DF}
	EndProjectSection
EndProject
Project("{FAE04EC0-301F-11D3-BF4B-00C04F79EFBC}") = "Iyzico3DPaymentShared", "..\Iyzico3DPaymentShared\Iyzico3DPaymentShared.csproj", "{3FD93852-88B2-4186-889A-99C96E08D9DF}"
EndProject
Global
	GlobalSection(SolutionConfigurationPlatforms) = preSolution
		Debug|Any CPU = Debug|Any CPU
		Release|Any CPU = Release|Any CPU
	EndGlobalSection
	GlobalSection(ProjectConfigurationPlatforms) = postSolution
		{93C1A231-A671-4F83-9FEA-469FDD5BA3F7}.Debug|Any CPU.ActiveCfg = Debug|Any CPU
		{93C1A231-A671-4F83-9FEA-469FDD5BA3F7}.Debug|Any CPU.Build.0 = Debug|Any CPU
		{93C1A231-A671-4F83-9FEA-469FDD5BA3F7}.Release|Any CPU.ActiveCfg = Release|Any CPU
		{93C1A231-A671-4F83-9FEA-469FDD5BA3F7}.Release|Any CPU.Build.0 = Release|Any CPU
		{ACB63446-02E9-4EBF-9291-4D44A4C64E97}.Debug|Any CPU.ActiveCfg = Debug|Any CPU
		{ACB63446-02E9-4EBF-9291-4D44A4C64E97}.Debug|Any CPU.Build.0 = Debug|Any CPU
		{ACB63446-02E9-4EBF-9291-4D44A4C64E97}.Release|Any CPU.ActiveCfg = Release|Any CPU
		{ACB63446-02E9-4EBF-9291-4D44A4C64E97}.Release|Any CPU.Build.0 = Release|Any CPU
		{3FD93852-88B2-4186-889A-99C96E08D9DF}.Debug|Any CPU.ActiveCfg = Debug|Any CPU
		{3FD93852-88B2-4186-889A-99C96E08D9DF}.Debug|Any CPU.Build.0 = Debug|Any CPU
		{3FD93852-88B2-4186-889A-99C96E08D9DF}.Release|Any CPU.ActiveCfg = Release|Any CPU
		{3FD93852-88B2-4186-889A-99C96E08D9DF}.Release|Any CPU.Build.0 = Release|Any CPU
	EndGlobalSection
	GlobalSection(SolutionProperties) = preSolution
		HideSolutionNode = FALSE
	EndGlobalSection
	GlobalSection(ExtensibilityGlobals) = postSolution
		SolutionGuid = {57261962-A986-4BF9-B98B-C85BE1946738}
	EndGlobalSection
EndGlobal
